
Microsoft Visual Studio Solution File, Format Version 12.00
# Visual Studio Version 17
VisualStudioVersion = 17.8.34525.116
MinimumVisualStudioVersion = 10.0.40219.1
Project("{9A19103F-16F7-4668-BE54-9A1E7A4F7556}") = "Authorization.API", "Authorization.API\Authorization.API.csproj", "{51862878-AD7E-4E79-86D6-D082D0B6A6AF}"
EndProject
Project("{9A19103F-16F7-4668-BE54-9A1E7A4F7556}") = "Authorization.DTOs", "Authorization.DTOs\Authorization.DTOs.csproj", "{D2C28D8C-817E-420E-A312-B748C89F6AC2}"
EndProject
Global
	GlobalSection(SolutionConfigurationPlatforms) = preSolution
		Debug|Any CPU = Debug|Any CPU
		Release|Any CPU = Release|Any CPU
	EndGlobalSection
	GlobalSection(ProjectConfigurationPlatforms) = postSolution
		{51862878-AD7E-4E79-86D6-D082D0B6A6AF}.Debug|Any CPU.ActiveCfg = Debug|Any CPU
		{51862878-AD7E-4E79-86D6-D082D0B6A6AF}.Debug|Any CPU.Build.0 = Debug|Any CPU
		{51862878-AD7E-4E79-86D6-D082D0B6A6AF}.Release|Any CPU.ActiveCfg = Release|Any CPU
		{51862878-AD7E-4E79-86D6-D082D0B6A6AF}.Release|Any CPU.Build.0 = Release|Any CPU
		{D2C28D8C-817E-420E-A312-B748C89F6AC2}.Debug|Any CPU.ActiveCfg = Debug|Any CPU
		{D2C28D8C-817E-420E-A312-B748C89F6AC2}.Debug|Any CPU.Build.0 = Debug|Any CPU
		{D2C28D8C-817E-420E-A312-B748C89F6AC2}.Release|Any CPU.ActiveCfg = Release|Any CPU
		{D2C28D8C-817E-420E-A312-B748C89F6AC2}.Release|Any CPU.Build.0 = Release|Any CPU
	EndGlobalSection
	GlobalSection(SolutionProperties) = preSolution
		HideSolutionNode = FALSE
	EndGlobalSection
	GlobalSection(ExtensibilityGlobals) = postSolution
		SolutionGuid = {D021A846-F7EF-4F55-B76A-C92EC55DF4B2}
	EndGlobalSection
EndGlobal
